
Microsoft Visual Studio Solution File, Format Version 12.00
# Visual Studio Version 16
VisualStudioVersion = 16.0.30011.22
MinimumVisualStudioVersion = 10.0.40219.1
Project("{9A19103F-16F7-4668-BE54-9A1E7A4F7556}") = "SamuraiApp.Domain", "SamuraiApp.Domain\SamuraiApp.Domain.csproj", "{E4EB1172-2BED-4C07-865A-054267403592}"
EndProject
Project("{9A19103F-16F7-4668-BE54-9A1E7A4F7556}") = "SamuraiApp.Data", "SamuraiApp.Data\SamuraiApp.Data.csproj", "{4127C67B-F8AE-420C-987D-644E38F67DB7}"
EndProject
Project("{9A19103F-16F7-4668-BE54-9A1E7A4F7556}") = "SamuraiApp.Console", "SamuraiApp.Console\SamuraiApp.Console.csproj", "{3A2C6FE5-7626-49FF-832F-561D9405EEAC}"
EndProject
Project("{FAE04EC0-301F-11D3-BF4B-00C04F79EFBC}") = "Tests", "Tests\Tests.csproj", "{9DAF10EE-DCF6-4531-87CD-75259AF8D6EA}"
EndProject
Global
	GlobalSection(SolutionConfigurationPlatforms) = preSolution
		Debug|Any CPU = Debug|Any CPU
		Release|Any CPU = Release|Any CPU
	EndGlobalSection
	GlobalSection(ProjectConfigurationPlatforms) = postSolution
		{E4EB1172-2BED-4C07-865A-054267403592}.Debug|Any CPU.ActiveCfg = Debug|Any CPU
		{E4EB1172-2BED-4C07-865A-054267403592}.Debug|Any CPU.Build.0 = Debug|Any CPU
		{E4EB1172-2BED-4C07-865A-054267403592}.Release|Any CPU.ActiveCfg = Release|Any CPU
		{E4EB1172-2BED-4C07-865A-054267403592}.Release|Any CPU.Build.0 = Release|Any CPU
		{4127C67B-F8AE-420C-987D-644E38F67DB7}.Debug|Any CPU.ActiveCfg = Debug|Any CPU
		{4127C67B-F8AE-420C-987D-644E38F67DB7}.Debug|Any CPU.Build.0 = Debug|Any CPU
		{4127C67B-F8AE-420C-987D-644E38F67DB7}.Release|Any CPU.ActiveCfg = Release|Any CPU
		{4127C67B-F8AE-420C-987D-644E38F67DB7}.Release|Any CPU.Build.0 = Release|Any CPU
		{3A2C6FE5-7626-49FF-832F-561D9405EEAC}.Debug|Any CPU.ActiveCfg = Debug|Any CPU
		{3A2C6FE5-7626-49FF-832F-561D9405EEAC}.Debug|Any CPU.Build.0 = Debug|Any CPU
		{3A2C6FE5-7626-49FF-832F-561D9405EEAC}.Release|Any CPU.ActiveCfg = Release|Any CPU
		{3A2C6FE5-7626-49FF-832F-561D9405EEAC}.Release|Any CPU.Build.0 = Release|Any CPU
		{9DAF10EE-DCF6-4531-87CD-75259AF8D6EA}.Debug|Any CPU.ActiveCfg = Debug|Any CPU
		{9DAF10EE-DCF6-4531-87CD-75259AF8D6EA}.Debug|Any CPU.Build.0 = Debug|Any CPU
		{9DAF10EE-DCF6-4531-87CD-75259AF8D6EA}.Release|Any CPU.ActiveCfg = Release|Any CPU
		{9DAF10EE-DCF6-4531-87CD-75259AF8D6EA}.Release|Any CPU.Build.0 = Release|Any CPU
	EndGlobalSection
	GlobalSection(SolutionProperties) = preSolution
		HideSolutionNode = FALSE
	EndGlobalSection
	GlobalSection(ExtensibilityGlobals) = postSolution
		SolutionGuid = {72FBD2CE-3DD4-49DD-93D5-6D30A7A562CE}
	EndGlobalSection
EndGlobal
